
Microsoft Visual Studio Solution File, Format Version 12.00
# Visual Studio Version 17
VisualStudioVersion = 17.5.33530.505
MinimumVisualStudioVersion = 10.0.40219.1
Project("{FAE04EC0-301F-11D3-BF4B-00C04F79EFBC}") = "WebApplication3", "WebApplication3.csproj", "{106BA6F1-315F-429B-8F47-143A0611405A}"
EndProject
Global
	GlobalSection(SolutionConfigurationPlatforms) = preSolution
		Debug|Any CPU = Debug|Any CPU
		Release|Any CPU = Release|Any CPU
	EndGlobalSection
	GlobalSection(ProjectConfigurationPlatforms) = postSolution
		{106BA6F1-315F-429B-8F47-143A0611405A}.Debug|Any CPU.ActiveCfg = Debug|Any CPU
		{106BA6F1-315F-429B-8F47-143A0611405A}.Debug|Any CPU.Build.0 = Debug|Any CPU
		{106BA6F1-315F-429B-8F47-143A0611405A}.Release|Any CPU.ActiveCfg = Release|Any CPU
		{106BA6F1-315F-429B-8F47-143A0611405A}.Release|Any CPU.Build.0 = Release|Any CPU
	EndGlobalSection
	GlobalSection(SolutionProperties) = preSolution
		HideSolutionNode = FALSE
	EndGlobalSection
	GlobalSection(ExtensibilityGlobals) = postSolution
		SolutionGuid = {64C250D8-4F0E-43B1-A75D-5C7BA725AEED}
	EndGlobalSection
EndGlobal
